
Microsoft Visual Studio Solution File, Format Version 12.00
# Visual Studio Version 16
VisualStudioVersion = 16.0.810.1
MinimumVisualStudioVersion = 10.0.40219.1
Project("{FAE04EC0-301F-11D3-BF4B-00C04F79EFBC}") = "PharmacyProject", "PharmacyProject\PharmacyProject.csproj", "{B3332110-C07D-4044-908A-DF7067055D13}"
EndProject
Global
	GlobalSection(SolutionConfigurationPlatforms) = preSolution
		Debug|Any CPU = Debug|Any CPU
		Release|Any CPU = Release|Any CPU
	EndGlobalSection
	GlobalSection(ProjectConfigurationPlatforms) = postSolution
		{B3332110-C07D-4044-908A-DF7067055D13}.Debug|Any CPU.ActiveCfg = Debug|Any CPU
		{B3332110-C07D-4044-908A-DF7067055D13}.Debug|Any CPU.Build.0 = Debug|Any CPU
		{B3332110-C07D-4044-908A-DF7067055D13}.Release|Any CPU.ActiveCfg = Release|Any CPU
		{B3332110-C07D-4044-908A-DF7067055D13}.Release|Any CPU.Build.0 = Release|Any CPU
	EndGlobalSection
	GlobalSection(SolutionProperties) = preSolution
		HideSolutionNode = FALSE
	EndGlobalSection
	GlobalSection(ExtensibilityGlobals) = postSolution
		SolutionGuid = {0EDE2509-EF62-4704-B38F-9CA9EA7F41ED}
	EndGlobalSection
EndGlobal
